
Microsoft Visual Studio Solution File, Format Version 12.00
# Visual Studio Version 17
VisualStudioVersion = 17.4.33403.182
MinimumVisualStudioVersion = 10.0.40219.1
Project("{9A19103F-16F7-4668-BE54-9A1E7A4F7556}") = "TorneSe.EstacionamentoApp", "src\TorneSe.EstacionamentoApp\TorneSe.EstacionamentoApp.csproj", "{F4F4ECAA-9E59-4E4F-A48C-EF87B242F099}"
EndProject
Project("{2150E333-8FDC-42A3-9474-1A3956D46DE8}") = "Itens de Solução", "Itens de Solução", "{B0A66670-6AA2-4A98-A9C0-ABF30260AB1D}"
	ProjectSection(SolutionItems) = preProject
		Readme.md = Readme.md
	EndProjectSection
EndProject
Global
	GlobalSection(SolutionConfigurationPlatforms) = preSolution
		Debug|Any CPU = Debug|Any CPU
		Release|Any CPU = Release|Any CPU
	EndGlobalSection
	GlobalSection(ProjectConfigurationPlatforms) = postSolution
		{F4F4ECAA-9E59-4E4F-A48C-EF87B242F099}.Debug|Any CPU.ActiveCfg = Debug|Any CPU
		{F4F4ECAA-9E59-4E4F-A48C-EF87B242F099}.Debug|Any CPU.Build.0 = Debug|Any CPU
		{F4F4ECAA-9E59-4E4F-A48C-EF87B242F099}.Release|Any CPU.ActiveCfg = Release|Any CPU
		{F4F4ECAA-9E59-4E4F-A48C-EF87B242F099}.Release|Any CPU.Build.0 = Release|Any CPU
	EndGlobalSection
	GlobalSection(SolutionProperties) = preSolution
		HideSolutionNode = FALSE
	EndGlobalSection
	GlobalSection(ExtensibilityGlobals) = postSolution
		SolutionGuid = {4058C130-FFB0-4CA4-B969-C02DB39258D3}
	EndGlobalSection
EndGlobal
